// !$*UTF8*$!
{
	archiveVersion = 1;
	classes = {
	};
	objectVersion = 48;
	objects = {

/* Begin PBXBuildFile section */
		CEAD95082023B85E00DB128E /* AppDelegate.swift in Sources */ = {isa = PBXBuildFile; fileRef = CEAD95072023B85E00DB128E /* AppDelegate.swift */; };
		CEAD950A2023B85E00DB128E /* ViewController.swift in Sources */ = {isa = PBXBuildFile; fileRef = CEAD95092023B85E00DB128E /* ViewController.swift */; };
		CEAD950D2023B85E00DB128E /* Main.storyboard in Resources */ = {isa = PBXBuildFile; fileRef = CEAD950B2023B85E00DB128E /* Main.storyboard */; };
		CEAD950F2023B85E00DB128E /* Assets.xcassets in Resources */ = {isa = PBXBuildFile; fileRef = CEAD950E2023B85E00DB128E /* Assets.xcassets */; };
		CEAD95122023B85E00DB128E /* LaunchScreen.storyboard in Resources */ = {isa = PBXBuildFile; fileRef = CEAD95102023B85E00DB128E /* LaunchScreen.storyboard */; };
		CEAD951D2023B85E00DB128E /* TheTransformationCompanyTests.swift in Sources */ = {isa = PBXBuildFile; fileRef = CEAD951C2023B85E00DB128E /* TheTransformationCompanyTests.swift */; };
		CEAD95282023B85E00DB128E /* TheTransformationCompanyUITests.swift in Sources */ = {isa = PBXBuildFile; fileRef = CEAD95272023B85E00DB128E /* TheTransformationCompanyUITests.swift */; };
		CEAD95362023B9B600DB128E /* Transformer.swift in Sources */ = {isa = PBXBuildFile; fileRef = CEAD95352023B9B600DB128E /* Transformer.swift */; };
		CEAD95382023B9EF00DB128E /* Decepticon.swift in Sources */ = {isa = PBXBuildFile; fileRef = CEAD95372023B9EF00DB128E /* Decepticon.swift */; };
		CEAD953A2023BA0300DB128E /* Autobot.swift in Sources */ = {isa = PBXBuildFile; fileRef = CEAD95392023BA0300DB128E /* Autobot.swift */; };
		CEAD953C2023BE7E00DB128E /* Battle.swift in Sources */ = {isa = PBXBuildFile; fileRef = CEAD953B2023BE7E00DB128E /* Battle.swift */; };
/* End PBXBuildFile section */

/* Begin PBXContainerItemProxy section */
		CEAD95192023B85E00DB128E /* PBXContainerItemProxy */ = {
			isa = PBXContainerItemProxy;
			containerPortal = CEAD94FC2023B85E00DB128E /* Project object */;
			proxyType = 1;
			remoteGlobalIDString = CEAD95032023B85E00DB128E;
			remoteInfo = TheTransformationCompany;
		};
		CEAD95242023B85E00DB128E /* PBXContainerItemProxy */ = {
			isa = PBXContainerItemProxy;
			containerPortal = CEAD94FC2023B85E00DB128E /* Project object */;
			proxyType = 1;
			remoteGlobalIDString = CEAD95032023B85E00DB128E;
			remoteInfo = TheTransformationCompany;
		};
/* End PBXContainerItemProxy section */

/* Begin PBXFileReference section */
		CEAD95042023B85E00DB128E /* TheTransformationCompany.app */ = {isa = PBXFileReference; explicitFileType = wrapper.application; includeInIndex = 0; path = TheTransformationCompany.app; sourceTree = BUILT_PRODUCTS_DIR; };
		CEAD95072023B85E00DB128E /* AppDelegate.swift */ = {isa = PBXFileReference; lastKnownFileType = sourcecode.swift; path = AppDelegate.swift; sourceTree = "<group>"; };
		CEAD95092023B85E00DB128E /* ViewController.swift */ = {isa = PBXFileReference; lastKnownFileType = sourcecode.swift; path = ViewController.swift; sourceTree = "<group>"; };
		CEAD950C2023B85E00DB128E /* Base */ = {isa = PBXFileReference; lastKnownFileType = file.storyboard; name = Base; path = Base.lproj/Main.storyboard; sourceTree = "<group>"; };
		CEAD950E2023B85E00DB128E /* Assets.xcassets */ = {isa = PBXFileReference; lastKnownFileType = folder.assetcatalog; path = Assets.xcassets; sourceTree = "<group>"; };
		CEAD95112023B85E00DB128E /* Base */ = {isa = PBXFileReference; lastKnownFileType = file.storyboard; name = Base; path = Base.lproj/LaunchScreen.storyboard; sourceTree = "<group>"; };
		CEAD95132023B85E00DB128E /* Info.plist */ = {isa = PBXFileReference; lastKnownFileType = text.plist.xml; path = Info.plist; sourceTree = "<group>"; };
		CEAD95182023B85E00DB128E /* TheTransformationCompanyTests.xctest */ = {isa = PBXFileReference; explicitFileType = wrapper.cfbundle; includeInIndex = 0; path = TheTransformationCompanyTests.xctest; sourceTree = BUILT_PRODUCTS_DIR; };
		CEAD951C2023B85E00DB128E /* TheTransformationCompanyTests.swift */ = {isa = PBXFileReference; lastKnownFileType = sourcecode.swift; path = TheTransformationCompanyTests.swift; sourceTree = "<group>"; };
		CEAD951E2023B85E00DB128E /* Info.plist */ = {isa = PBXFileReference; lastKnownFileType = text.plist.xml; path = Info.plist; sourceTree = "<group>"; };
		CEAD95232023B85E00DB128E /* TheTransformationCompanyUITests.xctest */ = {isa = PBXFileReference; explicitFileType = wrapper.cfbundle; includeInIndex = 0; path = TheTransformationCompanyUITests.xctest; sourceTree = BUILT_PRODUCTS_DIR; };
		CEAD95272023B85E00DB128E /* TheTransformationCompanyUITests.swift */ = {isa = PBXFileReference; lastKnownFileType = sourcecode.swift; path = TheTransformationCompanyUITests.swift; sourceTree = "<group>"; };
		CEAD95292023B85E00DB128E /* Info.plist */ = {isa = PBXFileReference; lastKnownFileType = text.plist.xml; path = Info.plist; sourceTree = "<group>"; };
		CEAD95352023B9B600DB128E /* Transformer.swift */ = {isa = PBXFileReference; lastKnownFileType = sourcecode.swift; path = Transformer.swift; sourceTree = "<group>"; };
		CEAD95372023B9EF00DB128E /* Decepticon.swift */ = {isa = PBXFileReference; lastKnownFileType = sourcecode.swift; path = Decepticon.swift; sourceTree = "<group>"; };
		CEAD95392023BA0300DB128E /* Autobot.swift */ = {isa = PBXFileReference; lastKnownFileType = sourcecode.swift; path = Autobot.swift; sourceTree = "<group>"; };
		CEAD953B2023BE7E00DB128E /* Battle.swift */ = {isa = PBXFileReference; lastKnownFileType = sourcecode.swift; path = Battle.swift; sourceTree = "<group>"; };
/* End PBXFileReference section */

/* Begin PBXFrameworksBuildPhase section */
		CEAD95012023B85E00DB128E /* Frameworks */ = {
			isa = PBXFrameworksBuildPhase;
			buildActionMask = 2147483647;
			files = (
			);
			runOnlyForDeploymentPostprocessing = 0;
		};
		CEAD95152023B85E00DB128E /* Frameworks */ = {
			isa = PBXFrameworksBuildPhase;
			buildActionMask = 2147483647;
			files = (
			);
			runOnlyForDeploymentPostprocessing = 0;
		};
		CEAD95202023B85E00DB128E /* Frameworks */ = {
			isa = PBXFrameworksBuildPhase;
			buildActionMask = 2147483647;
			files = (
			);
			runOnlyForDeploymentPostprocessing = 0;
		};
/* End PBXFrameworksBuildPhase section */

/* Begin PBXGroup section */
		CEAD94FB2023B85E00DB128E = {
			isa = PBXGroup;
			children = (
				CEAD95062023B85E00DB128E /* TheTransformationCompany */,
				CEAD951B2023B85E00DB128E /* TheTransformationCompanyTests */,
				CEAD95262023B85E00DB128E /* TheTransformationCompanyUITests */,
				CEAD95052023B85E00DB128E /* Products */,
			);
			sourceTree = "<group>";
		};
		CEAD95052023B85E00DB128E /* Products */ = {
			isa = PBXGroup;
			children = (
				CEAD95042023B85E00DB128E /* TheTransformationCompany.app */,
				CEAD95182023B85E00DB128E /* TheTransformationCompanyTests.xctest */,
				CEAD95232023B85E00DB128E /* TheTransformationCompanyUITests.xctest */,
			);
			name = Products;
			sourceTree = "<group>";
		};
		CEAD95062023B85E00DB128E /* TheTransformationCompany */ = {
			isa = PBXGroup;
			children = (
				CEAD95072023B85E00DB128E /* AppDelegate.swift */,
				CEAD95092023B85E00DB128E /* ViewController.swift */,
				CEAD95352023B9B600DB128E /* Transformer.swift */,
				CEAD95372023B9EF00DB128E /* Decepticon.swift */,
				CEAD953B2023BE7E00DB128E /* Battle.swift */,
				CEAD95392023BA0300DB128E /* Autobot.swift */,
				CEAD950B2023B85E00DB128E /* Main.storyboard */,
				CEAD950E2023B85E00DB128E /* Assets.xcassets */,
				CEAD95102023B85E00DB128E /* LaunchScreen.storyboard */,
				CEAD95132023B85E00DB128E /* Info.plist */,
			);
			path = TheTransformationCompany;
			sourceTree = "<group>";
		};
		CEAD951B2023B85E00DB128E /* TheTransformationCompanyTests */ = {
			isa = PBXGroup;
			children = (
				CEAD951C2023B85E00DB128E /* TheTransformationCompanyTests.swift */,
				CEAD951E2023B85E00DB128E /* Info.plist */,
			);
			path = TheTransformationCompanyTests;
			sourceTree = "<group>";
		};
		CEAD95262023B85E00DB128E /* TheTransformationCompanyUITests */ = {
			isa = PBXGroup;
			children = (
				CEAD95272023B85E00DB128E /* TheTransformationCompanyUITests.swift */,
				CEAD95292023B85E00DB128E /* Info.plist */,
			);
			path = TheTransformationCompanyUITests;
			sourceTree = "<group>";
		};
/* End PBXGroup section */

/* Begin PBXNativeTarget section */
		CEAD95032023B85E00DB128E /* TheTransformationCompany */ = {
			isa = PBXNativeTarget;
			buildConfigurationList = CEAD952C2023B85E00DB128E /* Build configuration list for PBXNativeTarget "TheTransformationCompany" */;
			buildPhases = (
				CEAD95002023B85E00DB128E /* Sources */,
				CEAD95012023B85E00DB128E /* Frameworks */,
				CEAD95022023B85E00DB128E /* Resources */,
			);
			buildRules = (
			);
			dependencies = (
			);
			name = TheTransformationCompany;
			productName = TheTransformationCompany;
			productReference = CEAD95042023B85E00DB128E /* TheTransformationCompany.app */;
			productType = "com.apple.product-type.application";
		};
		CEAD95172023B85E00DB128E /* TheTransformationCompanyTests */ = {
			isa = PBXNativeTarget;
			buildConfigurationList = CEAD952F2023B85E00DB128E /* Build configuration list for PBXNativeTarget "TheTransformationCompanyTests" */;
			buildPhases = (
				CEAD95142023B85E00DB128E /* Sources */,
				CEAD95152023B85E00DB128E /* Frameworks */,
				CEAD95162023B85E00DB128E /* Resources */,
			);
			buildRules = (
			);
			dependencies = (
				CEAD951A2023B85E00DB128E /* PBXTargetDependency */,
			);
			name = TheTransformationCompanyTests;
			productName = TheTransformationCompanyTests;
			productReference = CEAD95182023B85E00DB128E /* TheTransformationCompanyTests.xctest */;
			productType = "com.apple.product-type.bundle.unit-test";
		};
		CEAD95222023B85E00DB128E /* TheTransformationCompanyUITests */ = {
			isa = PBXNativeTarget;
			buildConfigurationList = CEAD95322023B85E00DB128E /* Build configuration list for PBXNativeTarget "TheTransformationCompanyUITests" */;
			buildPhases = (
				CEAD951F2023B85E00DB128E /* Sources */,
				CEAD95202023B85E00DB128E /* Frameworks */,
				CEAD95212023B85E00DB128E /* Resources */,
			);
			buildRules = (
			);
			dependencies = (
				CEAD95252023B85E00DB128E /* PBXTargetDependency */,
			);
			name = TheTransformationCompanyUITests;
			productName = TheTransformationCompanyUITests;
			productReference = CEAD95232023B85E00DB128E /* TheTransformationCompanyUITests.xctest */;
			productType = "com.apple.product-type.bundle.ui-testing";
		};
/* End PBXNativeTarget section */

/* Begin PBXProject section */
		CEAD94FC2023B85E00DB128E /* Project object */ = {
			isa = PBXProject;
			attributes = {
				LastSwiftUpdateCheck = 0920;
				LastUpgradeCheck = 0920;
				ORGANIZATIONNAME = "Sanjay Shah";
				TargetAttributes = {
					CEAD95032023B85E00DB128E = {
						CreatedOnToolsVersion = 9.2;
						ProvisioningStyle = Automatic;
					};
					CEAD95172023B85E00DB128E = {
						CreatedOnToolsVersion = 9.2;
						ProvisioningStyle = Automatic;
						TestTargetID = CEAD95032023B85E00DB128E;
					};
					CEAD95222023B85E00DB128E = {
						CreatedOnToolsVersion = 9.2;
						ProvisioningStyle = Automatic;
						TestTargetID = CEAD95032023B85E00DB128E;
					};
				};
			};
			buildConfigurationList = CEAD94FF2023B85E00DB128E /* Build configuration list for PBXProject "TheTransformationCompany" */;
			compatibilityVersion = "Xcode 8.0";
			developmentRegion = en;
			hasScannedForEncodings = 0;
			knownRegions = (
				en,
				Base,
			);
			mainGroup = CEAD94FB2023B85E00DB128E;
			productRefGroup = CEAD95052023B85E00DB128E /* Products */;
			projectDirPath = "";
			projectRoot = "";
			targets = (
				CEAD95032023B85E00DB128E /* TheTransformationCompany */,
				CEAD95172023B85E00DB128E /* TheTransformationCompanyTests */,
				CEAD95222023B85E00DB128E /* TheTransformationCompanyUITests */,
			);
		};
/* End PBXProject section */

/* Begin PBXResourcesBuildPhase section */
		CEAD95022023B85E00DB128E /* Resources */ = {
			isa = PBXResourcesBuildPhase;
			buildActionMask = 2147483647;
			files = (
				CEAD95122023B85E00DB128E /* LaunchScreen.storyboard in Resources */,
				CEAD950F2023B85E00DB128E /* Assets.xcassets in Resources */,
				CEAD950D2023B85E00DB128E /* Main.storyboard in Resources */,
			);
			runOnlyForDeploymentPostprocessing = 0;
		};
		CEAD95162023B85E00DB128E /* Resources */ = {
			isa = PBXResourcesBuildPhase;
			buildActionMask = 2147483647;
			files = (
			);
			runOnlyForDeploymentPostprocessing = 0;
		};
		CEAD95212023B85E00DB128E /* Resources */ = {
			isa = PBXResourcesBuildPhase;
			buildActionMask = 2147483647;
			files = (
			);
			runOnlyForDeploymentPostprocessing = 0;
		};
/* End PBXResourcesBuildPhase section */

/* Begin PBXSourcesBuildPhase section */
		CEAD95002023B85E00DB128E /* Sources */ = {
			isa = PBXSourcesBuildPhase;
			buildActionMask = 2147483647;
			files = (
				CEAD950A2023B85E00DB128E /* ViewController.swift in Sources */,
				CEAD95382023B9EF00DB128E /* Decepticon.swift in Sources */,
				CEAD95362023B9B600DB128E /* Transformer.swift in Sources */,
				CEAD95082023B85E00DB128E /* AppDelegate.swift in Sources */,
				CEAD953A2023BA0300DB128E /* Autobot.swift in Sources */,
				CEAD953C2023BE7E00DB128E /* Battle.swift in Sources */,
			);
			runOnlyForDeploymentPostprocessing = 0;
		};
		CEAD95142023B85E00DB128E /* Sources */ = {
			isa = PBXSourcesBuildPhase;
			buildActionMask = 2147483647;
			files = (
				CEAD951D2023B85E00DB128E /* TheTransformationCompanyTests.swift in Sources */,
			);
			runOnlyForDeploymentPostprocessing = 0;
		};
		CEAD951F2023B85E00DB128E /* Sources */ = {
			isa = PBXSourcesBuildPhase;
			buildActionMask = 2147483647;
			files = (
				CEAD95282023B85E00DB128E /* TheTransformationCompanyUITests.swift in Sources */,
			);
			runOnlyForDeploymentPostprocessing = 0;
		};
/* End PBXSourcesBuildPhase section */

/* Begin PBXTargetDependency section */
		CEAD951A2023B85E00DB128E /* PBXTargetDependency */ = {
			isa = PBXTargetDependency;
			target = CEAD95032023B85E00DB128E /* TheTransformationCompany */;
			targetProxy = CEAD95192023B85E00DB128E /* PBXContainerItemProxy */;
		};
		CEAD95252023B85E00DB128E /* PBXTargetDependency */ = {
			isa = PBXTargetDependency;
			target = CEAD95032023B85E00DB128E /* TheTransformationCompany */;
			targetProxy = CEAD95242023B85E00DB128E /* PBXContainerItemProxy */;
		};
/* End PBXTargetDependency section */

/* Begin PBXVariantGroup section */
		CEAD950B2023B85E00DB128E /* Main.storyboard */ = {
			isa = PBXVariantGroup;
			children = (
				CEAD950C2023B85E00DB128E /* Base */,
			);
			name = Main.storyboard;
			sourceTree = "<group>";
		};
		CEAD95102023B85E00DB128E /* LaunchScreen.storyboard */ = {
			isa = PBXVariantGroup;
			children = (
				CEAD95112023B85E00DB128E /* Base */,
			);
			name = LaunchScreen.storyboard;
			sourceTree = "<group>";
		};
/* End PBXVariantGroup section */

/* Begin XCBuildConfiguration section */
		CEAD952A2023B85E00DB128E /* Debug */ = {
			isa = XCBuildConfiguration;
			buildSettings = {
				ALWAYS_SEARCH_USER_PATHS = NO;
				CLANG_ANALYZER_NONNULL = YES;
				CLANG_ANALYZER_NUMBER_OBJECT_CONVERSION = YES_AGGRESSIVE;
				CLANG_CXX_LANGUAGE_STANDARD = "gnu++14";
				CLANG_CXX_LIBRARY = "libc++";
				CLANG_ENABLE_MODULES = YES;
				CLANG_ENABLE_OBJC_ARC = YES;
				CLANG_WARN_BLOCK_CAPTURE_AUTORELEASING = YES;
				CLANG_WARN_BOOL_CONVERSION = YES;
				CLANG_WARN_COMMA = YES;
				CLANG_WARN_CONSTANT_CONVERSION = YES;
				CLANG_WARN_DIRECT_OBJC_ISA_USAGE = YES_ERROR;
				CLANG_WARN_DOCUMENTATION_COMMENTS = YES;
				CLANG_WARN_EMPTY_BODY = YES;
				CLANG_WARN_ENUM_CONVERSION = YES;
				CLANG_WARN_INFINITE_RECURSION = YES;
				CLANG_WARN_INT_CONVERSION = YES;
				CLANG_WARN_NON_LITERAL_NULL_CONVERSION = YES;
				CLANG_WARN_OBJC_LITERAL_CONVERSION = YES;
				CLANG_WARN_OBJC_ROOT_CLASS = YES_ERROR;
				CLANG_WARN_RANGE_LOOP_ANALYSIS = YES;
				CLANG_WARN_STRICT_PROTOTYPES = YES;
				CLANG_WARN_SUSPICIOUS_MOVE = YES;
				CLANG_WARN_UNGUARDED_AVAILABILITY = YES_AGGRESSIVE;
				CLANG_WARN_UNREACHABLE_CODE = YES;
				CLANG_WARN__DUPLICATE_METHOD_MATCH = YES;
				CODE_SIGN_IDENTITY = "iPhone Developer";
				COPY_PHASE_STRIP = NO;
				DEBUG_INFORMATION_FORMAT = dwarf;
				ENABLE_STRICT_OBJC_MSGSEND = YES;
				ENABLE_TESTABILITY = YES;
				GCC_C_LANGUAGE_STANDARD = gnu11;
				GCC_DYNAMIC_NO_PIC = NO;
				GCC_NO_COMMON_BLOCKS = YES;
				GCC_OPTIMIZATION_LEVEL = 0;
				GCC_PREPROCESSOR_DEFINITIONS = (
					"DEBUG=1",
					"$(inherited)",
				);
				GCC_WARN_64_TO_32_BIT_CONVERSION = YES;
				GCC_WARN_ABOUT_RETURN_TYPE = YES_ERROR;
				GCC_WARN_UNDECLARED_SELECTOR = YES;
				GCC_WARN_UNINITIALIZED_AUTOS = YES_AGGRESSIVE;
				GCC_WARN_UNUSED_FUNCTION = YES;
				GCC_WARN_UNUSED_VARIABLE = YES;
				IPHONEOS_DEPLOYMENT_TARGET = 11.2;
				MTL_ENABLE_DEBUG_INFO = YES;
				ONLY_ACTIVE_ARCH = YES;
				SDKROOT = iphoneos;
				SWIFT_ACTIVE_COMPILATION_CONDITIONS = DEBUG;
				SWIFT_OPTIMIZATION_LEVEL = "-Onone";
			};
			name = Debug;
		};
		CEAD952B2023B85E00DB128E /* Release */ = {
			isa = XCBuildConfiguration;
			buildSettings = {
				ALWAYS_SEARCH_USER_PATHS = NO;
				CLANG_ANALYZER_NONNULL = YES;
				CLANG_ANALYZER_NUMBER_OBJECT_CONVERSION = YES_AGGRESSIVE;
				CLANG_CXX_LANGUAGE_STANDARD = "gnu++14";
				CLANG_CXX_LIBRARY = "libc++";
				CLANG_ENABLE_MODULES = YES;
				CLANG_ENABLE_OBJC_ARC = YES;
				CLANG_WARN_BLOCK_CAPTURE_AUTORELEASING = YES;
				CLANG_WARN_BOOL_CONVERSION = YES;
				CLANG_WARN_COMMA = YES;
				CLANG_WARN_CONSTANT_CONVERSION = YES;
				CLANG_WARN_DIRECT_OBJC_ISA_USAGE = YES_ERROR;
				CLANG_WARN_DOCUMENTATION_COMMENTS = YES;
				CLANG_WARN_EMPTY_BODY = YES;
				CLANG_WARN_ENUM_CONVERSION = YES;
				CLANG_WARN_INFINITE_RECURSION = YES;
				CLANG_WARN_INT_CONVERSION = YES;
				CLANG_WARN_NON_LITERAL_NULL_CONVERSION = YES;
				CLANG_WARN_OBJC_LITERAL_CONVERSION = YES;
				CLANG_WARN_OBJC_ROOT_CLASS = YES_ERROR;
				CLANG_WARN_RANGE_LOOP_ANALYSIS = YES;
				CLANG_WARN_STRICT_PROTOTYPES = YES;
				CLANG_WARN_SUSPICIOUS_MOVE = YES;
				CLANG_WARN_UNGUARDED_AVAILABILITY = YES_AGGRESSIVE;
				CLANG_WARN_UNREACHABLE_CODE = YES;
				CLANG_WARN__DUPLICATE_METHOD_MATCH = YES;
				CODE_SIGN_IDENTITY = "iPhone Developer";
				COPY_PHASE_STRIP = NO;
				DEBUG_INFORMATION_FORMAT = "dwarf-with-dsym";
				ENABLE_NS_ASSERTIONS = NO;
				ENABLE_STRICT_OBJC_MSGSEND = YES;
				GCC_C_LANGUAGE_STANDARD = gnu11;
				GCC_NO_COMMON_BLOCKS = YES;
				GCC_WARN_64_TO_32_BIT_CONVERSION = YES;
				GCC_WARN_ABOUT_RETURN_TYPE = YES_ERROR;
				GCC_WARN_UNDECLARED_SELECTOR = YES;
				GCC_WARN_UNINITIALIZED_AUTOS = YES_AGGRESSIVE;
				GCC_WARN_UNUSED_FUNCTION = YES;
				GCC_WARN_UNUSED_VARIABLE = YES;
				IPHONEOS_DEPLOYMENT_TARGET = 11.2;
				MTL_ENABLE_DEBUG_INFO = NO;
				SDKROOT = iphoneos;
				SWIFT_OPTIMIZATION_LEVEL = "-Owholemodule";
				VALIDATE_PRODUCT = YES;
			};
			name = Release;
		};
		CEAD952D2023B85E00DB128E /* Debug */ = {
			isa = XCBuildConfiguration;
			buildSettings = {
				ASSETCATALOG_COMPILER_APPICON_NAME = AppIcon;
				CODE_SIGN_STYLE = Automatic;
				DEVELOPMENT_TEAM = L4XYQHCH99;
				INFOPLIST_FILE = TheTransformationCompany/Info.plist;
				LD_RUNPATH_SEARCH_PATHS = "$(inherited) @executable_path/Frameworks";
				PRODUCT_BUNDLE_IDENTIFIER = com.sanjayshah.TheTransformationCompany;
				PRODUCT_NAME = "$(TARGET_NAME)";
				SWIFT_VERSION = 4.0;
				TARGETED_DEVICE_FAMILY = "1,2";
			};
			name = Debug;
		};
		CEAD952E2023B85E00DB128E /* Release */ = {
			isa = XCBuildConfiguration;
			buildSettings = {
				ASSETCATALOG_COMPILER_APPICON_NAME = AppIcon;
				CODE_SIGN_STYLE = Automatic;
				DEVELOPMENT_TEAM = L4XYQHCH99;
				INFOPLIST_FILE = TheTransformationCompany/Info.plist;
				LD_RUNPATH_SEARCH_PATHS = "$(inherited) @executable_path/Frameworks";
				PRODUCT_BUNDLE_IDENTIFIER = com.sanjayshah.TheTransformationCompany;
				PRODUCT_NAME = "$(TARGET_NAME)";
				SWIFT_VERSION = 4.0;
				TARGETED_DEVICE_FAMILY = "1,2";
			};
			name = Release;
		};
		CEAD95302023B85E00DB128E /* Debug */ = {
			isa = XCBuildConfiguration;
			buildSettings = {
				ALWAYS_EMBED_SWIFT_STANDARD_LIBRARIES = YES;
				BUNDLE_LOADER = "$(TEST_HOST)";
				CODE_SIGN_STYLE = Automatic;
				DEVELOPMENT_TEAM = L4XYQHCH99;
				INFOPLIST_FILE = TheTransformationCompanyTests/Info.plist;
				LD_RUNPATH_SEARCH_PATHS = "$(inherited) @executable_path/Frameworks @loader_path/Frameworks";
				PRODUCT_BUNDLE_IDENTIFIER = com.sanjayshah.TheTransformationCompanyTests;
				PRODUCT_NAME = "$(TARGET_NAME)";
				SWIFT_VERSION = 4.0;
				TARGETED_DEVICE_FAMILY = "1,2";
				TEST_HOST = "$(BUILT_PRODUCTS_DIR)/TheTransformationCompany.app/TheTransformationCompany";
			};
			name = Debug;
		};
		CEAD95312023B85E00DB128E /* Release */ = {
			isa = XCBuildConfiguration;
			buildSettings = {
				ALWAYS_EMBED_SWIFT_STANDARD_LIBRARIES = YES;
				BUNDLE_LOADER = "$(TEST_HOST)";
				CODE_SIGN_STYLE = Automatic;
				DEVELOPMENT_TEAM = L4XYQHCH99;
				INFOPLIST_FILE = TheTransformationCompanyTests/Info.plist;
				LD_RUNPATH_SEARCH_PATHS = "$(inherited) @executable_path/Frameworks @loader_path/Frameworks";
				PRODUCT_BUNDLE_IDENTIFIER = com.sanjayshah.TheTransformationCompanyTests;
				PRODUCT_NAME = "$(TARGET_NAME)";
				SWIFT_VERSION = 4.0;
				TARGETED_DEVICE_FAMILY = "1,2";
				TEST_HOST = "$(BUILT_PRODUCTS_DIR)/TheTransformationCompany.app/TheTransformationCompany";
			};
			name = Release;
		};
		CEAD95332023B85E00DB128E /* Debug */ = {
			isa = XCBuildConfiguration;
			buildSettings = {
				ALWAYS_EMBED_SWIFT_STANDARD_LIBRARIES = YES;
				CODE_SIGN_STYLE = Automatic;
				DEVELOPMENT_TEAM = L4XYQHCH99;
				INFOPLIST_FILE = TheTransformationCompanyUITests/Info.plist;
				LD_RUNPATH_SEARCH_PATHS = "$(inherited) @executable_path/Frameworks @loader_path/Frameworks";
				PRODUCT_BUNDLE_IDENTIFIER = com.sanjayshah.TheTransformationCompanyUITests;
				PRODUCT_NAME = "$(TARGET_NAME)";
				SWIFT_VERSION = 4.0;
				TARGETED_DEVICE_FAMILY = "1,2";
				TEST_TARGET_NAME = TheTransformationCompany;
			};
			name = Debug;
		};
		CEAD95342023B85E00DB128E /* Release */ = {
			isa = XCBuildConfiguration;
			buildSettings = {
				ALWAYS_EMBED_SWIFT_STANDARD_LIBRARIES = YES;
				CODE_SIGN_STYLE = Automatic;
				DEVELOPMENT_TEAM = L4XYQHCH99;
				INFOPLIST_FILE = TheTransformationCompanyUITests/Info.plist;
				LD_RUNPATH_SEARCH_PATHS = "$(inherited) @executable_path/Frameworks @loader_path/Frameworks";
				PRODUCT_BUNDLE_IDENTIFIER = com.sanjayshah.TheTransformationCompanyUITests;
				PRODUCT_NAME = "$(TARGET_NAME)";
				SWIFT_VERSION = 4.0;
				TARGETED_DEVICE_FAMILY = "1,2";
				TEST_TARGET_NAME = TheTransformationCompany;
			};
			name = Release;
		};
/* End XCBuildConfiguration section */

/* Begin XCConfigurationList section */
		CEAD94FF2023B85E00DB128E /* Build configuration list for PBXProject "TheTransformationCompany" */ = {
			isa = XCConfigurationList;
			buildConfigurations = (
				CEAD952A2023B85E00DB128E /* Debug */,
				CEAD952B2023B85E00DB128E /* Release */,
			);
			defaultConfigurationIsVisible = 0;
			defaultConfigurationName = Release;
		};
		CEAD952C2023B85E00DB128E /* Build configuration list for PBXNativeTarget "TheTransformationCompany" */ = {
			isa = XCConfigurationList;
			buildConfigurations = (
				CEAD952D2023B85E00DB128E /* Debug */,
				CEAD952E2023B85E00DB128E /* Release */,
			);
			defaultConfigurationIsVisible = 0;
			defaultConfigurationName = Release;
		};
		CEAD952F2023B85E00DB128E /* Build configuration list for PBXNativeTarget "TheTransformationCompanyTests" */ = {
			isa = XCConfigurationList;
			buildConfigurations = (
				CEAD95302023B85E00DB128E /* Debug */,
				CEAD95312023B85E00DB128E /* Release */,
			);
			defaultConfigurationIsVisible = 0;
			defaultConfigurationName = Release;
		};
		CEAD95322023B85E00DB128E /* Build configuration list for PBXNativeTarget "TheTransformationCompanyUITests" */ = {
			isa = XCConfigurationList;
			buildConfigurations = (
				CEAD95332023B85E00DB128E /* Debug */,
				CEAD95342023B85E00DB128E /* Release */,
			);
			defaultConfigurationIsVisible = 0;
			defaultConfigurationName = Release;
		};
/* End XCConfigurationList section */
	};
	rootObject = CEAD94FC2023B85E00DB128E /* Project object */;
}
